// !$*UTF8*$!
{
	archiveVersion = 1;
	classes = {
	};
	objectVersion = 46;
	objects = {

/* Begin PBXAggregateTarget section */
		47A737701B9338240060CE04 /* Mogenerator */ = {
			isa = PBXAggregateTarget;
			buildConfigurationList = 47A737731B9338250060CE04 /* Build configuration list for PBXAggregateTarget "Mogenerator" */;
			buildPhases = (
				47A737741B9338420060CE04 /* ShellScript */,
			);
			dependencies = (
			);
			name = Mogenerator;
			productName = Mogenerator;
		};
/* End PBXAggregateTarget section */

/* Begin PBXBuildFile section */
		474FDD0E1B933BBE0068419C /* DFCDBankAccount.m in Sources */ = {isa = PBXBuildFile; fileRef = 474FDD0D1B933BBE0068419C /* DFCDBankAccount.m */; };
		474FDD111B933BC60068419C /* _DFCDBankAccount.m in Sources */ = {isa = PBXBuildFile; fileRef = 474FDD101B933BC60068419C /* _DFCDBankAccount.m */; };
		474FDD151B933C290068419C /* DFDataManager.m in Sources */ = {isa = PBXBuildFile; fileRef = 474FDD141B933C290068419C /* DFDataManager.m */; };
		4785FF811B938EAF00D15D2E /* DFAddExpenceViewController.m in Sources */ = {isa = PBXBuildFile; fileRef = 4785FF801B938EAF00D15D2E /* DFAddExpenceViewController.m */; };
		4785FF851B94F30F00D15D2E /* DFSegmentedControlCell.m in Sources */ = {isa = PBXBuildFile; fileRef = 4785FF831B94F30F00D15D2E /* DFSegmentedControlCell.m */; };
		4785FF861B94F30F00D15D2E /* DFSegmentedControlCell.xib in Resources */ = {isa = PBXBuildFile; fileRef = 4785FF841B94F30F00D15D2E /* DFSegmentedControlCell.xib */; };
		4785FF8A1B962AB700D15D2E /* NSString+Validation.m in Sources */ = {isa = PBXBuildFile; fileRef = 4785FF891B962AB700D15D2E /* NSString+Validation.m */; };
		4785FF931B963F3900D15D2E /* _DFCDExpense.m in Sources */ = {isa = PBXBuildFile; fileRef = 4785FF8C1B963F3900D15D2E /* _DFCDExpense.m */; };
		4785FF941B963F3900D15D2E /* _DFCDIncome.m in Sources */ = {isa = PBXBuildFile; fileRef = 4785FF8E1B963F3900D15D2E /* _DFCDIncome.m */; };
		4785FF951B963F3900D15D2E /* DFCDExpense.m in Sources */ = {isa = PBXBuildFile; fileRef = 4785FF901B963F3900D15D2E /* DFCDExpense.m */; };
		4785FF961B963F3900D15D2E /* DFCDIncome.m in Sources */ = {isa = PBXBuildFile; fileRef = 4785FF921B963F3900D15D2E /* DFCDIncome.m */; };
		4785FF991B963F9D00D15D2E /* DFIncome.m in Sources */ = {isa = PBXBuildFile; fileRef = 4785FF981B963F9D00D15D2E /* DFIncome.m */; };
		4785FF9C1B963FB300D15D2E /* DFExpense.m in Sources */ = {isa = PBXBuildFile; fileRef = 4785FF9B1B963FB300D15D2E /* DFExpense.m */; };
		4785FFA01B97A07200D15D2E /* DFReportViewController.m in Sources */ = {isa = PBXBuildFile; fileRef = 4785FF9E1B97A07200D15D2E /* DFReportViewController.m */; };
		4785FFA51B97A1EA00D15D2E /* DFReportValueCell.m in Sources */ = {isa = PBXBuildFile; fileRef = 4785FFA31B97A1EA00D15D2E /* DFReportValueCell.m */; };
		4785FFA61B97A1EA00D15D2E /* DFReportValueCell.xib in Resources */ = {isa = PBXBuildFile; fileRef = 4785FFA41B97A1EA00D15D2E /* DFReportValueCell.xib */; };
		4785FFAA1B97A61500D15D2E /* DFReportCollectionHeader.m in Sources */ = {isa = PBXBuildFile; fileRef = 4785FFA81B97A61500D15D2E /* DFReportCollectionHeader.m */; };
		4785FFAB1B97A61500D15D2E /* DFReportCollectionHeader.xib in Resources */ = {isa = PBXBuildFile; fileRef = 4785FFA91B97A61500D15D2E /* DFReportCollectionHeader.xib */; };
		47A7377B1B93392E0060CE04 /* DFCoreDataModel.xcdatamodeld in Sources */ = {isa = PBXBuildFile; fileRef = 47A737791B93392E0060CE04 /* DFCoreDataModel.xcdatamodeld */; };
		47BEA2C91B92F070007857C6 /* main.m in Sources */ = {isa = PBXBuildFile; fileRef = 47BEA2C81B92F070007857C6 /* main.m */; };
		47BEA2CC1B92F070007857C6 /* AppDelegate.m in Sources */ = {isa = PBXBuildFile; fileRef = 47BEA2CB1B92F070007857C6 /* AppDelegate.m */; };
		47BEA2CF1B92F070007857C6 /* ViewController.m in Sources */ = {isa = PBXBuildFile; fileRef = 47BEA2CE1B92F070007857C6 /* ViewController.m */; };
		47BEA2D41B92F070007857C6 /* Images.xcassets in Resources */ = {isa = PBXBuildFile; fileRef = 47BEA2D31B92F070007857C6 /* Images.xcassets */; };
		47BEA2D71B92F070007857C6 /* LaunchScreen.xib in Resources */ = {isa = PBXBuildFile; fileRef = 47BEA2D51B92F070007857C6 /* LaunchScreen.xib */; };
		47BEA2E31B92F070007857C6 /* my_financesTests.m in Sources */ = {isa = PBXBuildFile; fileRef = 47BEA2E21B92F070007857C6 /* my_financesTests.m */; };
		47BEA2EF1B92F0BD007857C6 /* DFBankAccount.m in Sources */ = {isa = PBXBuildFile; fileRef = 47BEA2EE1B92F0BD007857C6 /* DFBankAccount.m */; };
		47BEA2F31B92F26A007857C6 /* DFTabBarNavigationController.m in Sources */ = {isa = PBXBuildFile; fileRef = 47BEA2F21B92F26A007857C6 /* DFTabBarNavigationController.m */; };
		47BEA2F81B92F6A2007857C6 /* DFBankAccountViewController.m in Sources */ = {isa = PBXBuildFile; fileRef = 47BEA2F61B92F6A2007857C6 /* DFBankAccountViewController.m */; };
		47BEA3021B93170A007857C6 /* DFIncomesViewController.m in Sources */ = {isa = PBXBuildFile; fileRef = 47BEA3011B93170A007857C6 /* DFIncomesViewController.m */; };
		47BEA3051B9318CD007857C6 /* DFAddIncomeTableViewController.m in Sources */ = {isa = PBXBuildFile; fileRef = 47BEA3041B9318CD007857C6 /* DFAddIncomeTableViewController.m */; };
		47BEA30A1B931A21007857C6 /* DFInputTextCell.m in Sources */ = {isa = PBXBuildFile; fileRef = 47BEA3081B931A21007857C6 /* DFInputTextCell.m */; };
		47BEA30B1B931A21007857C6 /* DFInputTextCell.xib in Resources */ = {isa = PBXBuildFile; fileRef = 47BEA3091B931A21007857C6 /* DFInputTextCell.xib */; };
		47BEA30E1B932B96007857C6 /* DFTitleSubtitleCell.m in Sources */ = {isa = PBXBuildFile; fileRef = 47BEA30D1B932B96007857C6 /* DFTitleSubtitleCell.m */; };
		47BEA3111B932CD0007857C6 /* DFExpensesViewController.m in Sources */ = {isa = PBXBuildFile; fileRef = 47BEA3101B932CD0007857C6 /* DFExpensesViewController.m */; };
		47BEA3141B932E09007857C6 /* DFReportsViewController.m in Sources */ = {isa = PBXBuildFile; fileRef = 47BEA3131B932E09007857C6 /* DFReportsViewController.m */; };
		8B494F047A421A8C5BB4B9EB /* libPods.a in Frameworks */ = {isa = PBXBuildFile; fileRef = E9E0C8D8A296C181F2EBB777 /* libPods.a */; };
		D1AE77129AD2B51965BC85BA /* libPods.a in Frameworks */ = {isa = PBXBuildFile; fileRef = E9E0C8D8A296C181F2EBB777 /* libPods.a */; };
/* End PBXBuildFile section */

/* Begin PBXContainerItemProxy section */
		47BEA2DD1B92F070007857C6 /* PBXContainerItemProxy */ = {
			isa = PBXContainerItemProxy;
			containerPortal = 47BEA2BB1B92F070007857C6 /* Project object */;
			proxyType = 1;
			remoteGlobalIDString = 47BEA2C21B92F070007857C6;
			remoteInfo = my_finances;
		};
/* End PBXContainerItemProxy section */

/* Begin PBXFileReference section */
		3E0B1E11709F3CF89D437897 /* Pods.debug.xcconfig */ = {isa = PBXFileReference; includeInIndex = 1; lastKnownFileType = text.xcconfig; name = Pods.debug.xcconfig; path = "Pods/Target Support Files/Pods/Pods.debug.xcconfig"; sourceTree = "<group>"; };
		474FDD0C1B933BBE0068419C /* DFCDBankAccount.h */ = {isa = PBXFileReference; fileEncoding = 4; lastKnownFileType = sourcecode.c.h; path = DFCDBankAccount.h; sourceTree = "<group>"; };
		474FDD0D1B933BBE0068419C /* DFCDBankAccount.m */ = {isa = PBXFileReference; fileEncoding = 4; lastKnownFileType = sourcecode.c.objc; path = DFCDBankAccount.m; sourceTree = "<group>"; };
		474FDD0F1B933BC60068419C /* _DFCDBankAccount.h */ = {isa = PBXFileReference; fileEncoding = 4; lastKnownFileType = sourcecode.c.h; path = _DFCDBankAccount.h; sourceTree = "<group>"; };
		474FDD101B933BC60068419C /* _DFCDBankAccount.m */ = {isa = PBXFileReference; fileEncoding = 4; lastKnownFileType = sourcecode.c.objc; path = _DFCDBankAccount.m; sourceTree = "<group>"; };
		474FDD131B933C290068419C /* DFDataManager.h */ = {isa = PBXFileReference; fileEncoding = 4; lastKnownFileType = sourcecode.c.h; path = DFDataManager.h; sourceTree = "<group>"; };
		474FDD141B933C290068419C /* DFDataManager.m */ = {isa = PBXFileReference; fileEncoding = 4; lastKnownFileType = sourcecode.c.objc; path = DFDataManager.m; sourceTree = "<group>"; };
		474FDD191B933D470068419C /* DFMacroUtils.h */ = {isa = PBXFileReference; lastKnownFileType = sourcecode.c.h; path = DFMacroUtils.h; sourceTree = "<group>"; };
		4785FF7F1B938EAF00D15D2E /* DFAddExpenceViewController.h */ = {isa = PBXFileReference; fileEncoding = 4; lastKnownFileType = sourcecode.c.h; path = DFAddExpenceViewController.h; sourceTree = "<group>"; };
		4785FF801B938EAF00D15D2E /* DFAddExpenceViewController.m */ = {isa = PBXFileReference; fileEncoding = 4; lastKnownFileType = sourcecode.c.objc; path = DFAddExpenceViewController.m; sourceTree = "<group>"; };
		4785FF821B94F30F00D15D2E /* DFSegmentedControlCell.h */ = {isa = PBXFileReference; fileEncoding = 4; lastKnownFileType = sourcecode.c.h; path = DFSegmentedControlCell.h; sourceTree = "<group>"; };
		4785FF831B94F30F00D15D2E /* DFSegmentedControlCell.m */ = {isa = PBXFileReference; fileEncoding = 4; lastKnownFileType = sourcecode.c.objc; path = DFSegmentedControlCell.m; sourceTree = "<group>"; };
		4785FF841B94F30F00D15D2E /* DFSegmentedControlCell.xib */ = {isa = PBXFileReference; fileEncoding = 4; lastKnownFileType = file.xib; path = DFSegmentedControlCell.xib; sourceTree = "<group>"; };
		4785FF881B962AB700D15D2E /* NSString+Validation.h */ = {isa = PBXFileReference; fileEncoding = 4; lastKnownFileType = sourcecode.c.h; path = "NSString+Validation.h"; sourceTree = "<group>"; };
		4785FF891B962AB700D15D2E /* NSString+Validation.m */ = {isa = PBXFileReference; fileEncoding = 4; lastKnownFileType = sourcecode.c.objc; path = "NSString+Validation.m"; sourceTree = "<group>"; };
		4785FF8B1B963F3900D15D2E /* _DFCDExpense.h */ = {isa = PBXFileReference; fileEncoding = 4; lastKnownFileType = sourcecode.c.h; path = _DFCDExpense.h; sourceTree = "<group>"; };
		4785FF8C1B963F3900D15D2E /* _DFCDExpense.m */ = {isa = PBXFileReference; fileEncoding = 4; lastKnownFileType = sourcecode.c.objc; path = _DFCDExpense.m; sourceTree = "<group>"; };
		4785FF8D1B963F3900D15D2E /* _DFCDIncome.h */ = {isa = PBXFileReference; fileEncoding = 4; lastKnownFileType = sourcecode.c.h; path = _DFCDIncome.h; sourceTree = "<group>"; };
		4785FF8E1B963F3900D15D2E /* _DFCDIncome.m */ = {isa = PBXFileReference; fileEncoding = 4; lastKnownFileType = sourcecode.c.objc; path = _DFCDIncome.m; sourceTree = "<group>"; };
		4785FF8F1B963F3900D15D2E /* DFCDExpense.h */ = {isa = PBXFileReference; fileEncoding = 4; lastKnownFileType = sourcecode.c.h; path = DFCDExpense.h; sourceTree = "<group>"; };
		4785FF901B963F3900D15D2E /* DFCDExpense.m */ = {isa = PBXFileReference; fileEncoding = 4; lastKnownFileType = sourcecode.c.objc; path = DFCDExpense.m; sourceTree = "<group>"; };
		4785FF911B963F3900D15D2E /* DFCDIncome.h */ = {isa = PBXFileReference; fileEncoding = 4; lastKnownFileType = sourcecode.c.h; path = DFCDIncome.h; sourceTree = "<group>"; };
		4785FF921B963F3900D15D2E /* DFCDIncome.m */ = {isa = PBXFileReference; fileEncoding = 4; lastKnownFileType = sourcecode.c.objc; path = DFCDIncome.m; sourceTree = "<group>"; };
		4785FF971B963F9D00D15D2E /* DFIncome.h */ = {isa = PBXFileReference; fileEncoding = 4; lastKnownFileType = sourcecode.c.h; path = DFIncome.h; sourceTree = "<group>"; };
		4785FF981B963F9D00D15D2E /* DFIncome.m */ = {isa = PBXFileReference; fileEncoding = 4; lastKnownFileType = sourcecode.c.objc; path = DFIncome.m; sourceTree = "<group>"; };
		4785FF9A1B963FB300D15D2E /* DFExpense.h */ = {isa = PBXFileReference; fileEncoding = 4; lastKnownFileType = sourcecode.c.h; path = DFExpense.h; sourceTree = "<group>"; };
		4785FF9B1B963FB300D15D2E /* DFExpense.m */ = {isa = PBXFileReference; fileEncoding = 4; lastKnownFileType = sourcecode.c.objc; path = DFExpense.m; sourceTree = "<group>"; };
		4785FF9D1B97A07200D15D2E /* DFReportViewController.h */ = {isa = PBXFileReference; fileEncoding = 4; lastKnownFileType = sourcecode.c.h; path = DFReportViewController.h; sourceTree = "<group>"; };
		4785FF9E1B97A07200D15D2E /* DFReportViewController.m */ = {isa = PBXFileReference; fileEncoding = 4; lastKnownFileType = sourcecode.c.objc; path = DFReportViewController.m; sourceTree = "<group>"; };
		4785FFA21B97A1EA00D15D2E /* DFReportValueCell.h */ = {isa = PBXFileReference; fileEncoding = 4; lastKnownFileType = sourcecode.c.h; path = DFReportValueCell.h; sourceTree = "<group>"; };
		4785FFA31B97A1EA00D15D2E /* DFReportValueCell.m */ = {isa = PBXFileReference; fileEncoding = 4; lastKnownFileType = sourcecode.c.objc; path = DFReportValueCell.m; sourceTree = "<group>"; };
		4785FFA41B97A1EA00D15D2E /* DFReportValueCell.xib */ = {isa = PBXFileReference; fileEncoding = 4; lastKnownFileType = file.xib; path = DFReportValueCell.xib; sourceTree = "<group>"; };
		4785FFA71B97A61500D15D2E /* DFReportCollectionHeader.h */ = {isa = PBXFileReference; fileEncoding = 4; lastKnownFileType = sourcecode.c.h; path = DFReportCollectionHeader.h; sourceTree = "<group>"; };
		4785FFA81B97A61500D15D2E /* DFReportCollectionHeader.m */ = {isa = PBXFileReference; fileEncoding = 4; lastKnownFileType = sourcecode.c.objc; path = DFReportCollectionHeader.m; sourceTree = "<group>"; };
		4785FFA91B97A61500D15D2E /* DFReportCollectionHeader.xib */ = {isa = PBXFileReference; fileEncoding = 4; lastKnownFileType = file.xib; path = DFReportCollectionHeader.xib; sourceTree = "<group>"; };
		47A7377A1B93392E0060CE04 /* DFCoreDataModel.xcdatamodel */ = {isa = PBXFileReference; lastKnownFileType = wrapper.xcdatamodel; path = DFCoreDataModel.xcdatamodel; sourceTree = "<group>"; };
		47BEA2C31B92F070007857C6 /* my_finances.app */ = {isa = PBXFileReference; explicitFileType = wrapper.application; includeInIndex = 0; path = my_finances.app; sourceTree = BUILT_PRODUCTS_DIR; };
		47BEA2C71B92F070007857C6 /* Info.plist */ = {isa = PBXFileReference; lastKnownFileType = text.plist.xml; path = Info.plist; sourceTree = "<group>"; };
		47BEA2C81B92F070007857C6 /* main.m */ = {isa = PBXFileReference; lastKnownFileType = sourcecode.c.objc; path = main.m; sourceTree = "<group>"; };
		47BEA2CA1B92F070007857C6 /* AppDelegate.h */ = {isa = PBXFileReference; lastKnownFileType = sourcecode.c.h; path = AppDelegate.h; sourceTree = "<group>"; };
		47BEA2CB1B92F070007857C6 /* AppDelegate.m */ = {isa = PBXFileReference; lastKnownFileType = sourcecode.c.objc; path = AppDelegate.m; sourceTree = "<group>"; };
		47BEA2CD1B92F070007857C6 /* ViewController.h */ = {isa = PBXFileReference; lastKnownFileType = sourcecode.c.h; path = ViewController.h; sourceTree = "<group>"; };
		47BEA2CE1B92F070007857C6 /* ViewController.m */ = {isa = PBXFileReference; lastKnownFileType = sourcecode.c.objc; path = ViewController.m; sourceTree = "<group>"; };
		47BEA2D31B92F070007857C6 /* Images.xcassets */ = {isa = PBXFileReference; lastKnownFileType = folder.assetcatalog; path = Images.xcassets; sourceTree = "<group>"; };
		47BEA2D61B92F070007857C6 /* Base */ = {isa = PBXFileReference; lastKnownFileType = file.xib; name = Base; path = Base.lproj/LaunchScreen.xib; sourceTree = "<group>"; };
		47BEA2DC1B92F070007857C6 /* my_financesTests.xctest */ = {isa = PBXFileReference; explicitFileType = wrapper.cfbundle; includeInIndex = 0; path = my_financesTests.xctest; sourceTree = BUILT_PRODUCTS_DIR; };
		47BEA2E11B92F070007857C6 /* Info.plist */ = {isa = PBXFileReference; lastKnownFileType = text.plist.xml; path = Info.plist; sourceTree = "<group>"; };
		47BEA2E21B92F070007857C6 /* my_financesTests.m */ = {isa = PBXFileReference; lastKnownFileType = sourcecode.c.objc; path = my_financesTests.m; sourceTree = "<group>"; };
		47BEA2ED1B92F0BD007857C6 /* DFBankAccount.h */ = {isa = PBXFileReference; fileEncoding = 4; lastKnownFileType = sourcecode.c.h; path = DFBankAccount.h; sourceTree = "<group>"; };
		47BEA2EE1B92F0BD007857C6 /* DFBankAccount.m */ = {isa = PBXFileReference; fileEncoding = 4; lastKnownFileType = sourcecode.c.objc; path = DFBankAccount.m; sourceTree = "<group>"; };
		47BEA2F11B92F26A007857C6 /* DFTabBarNavigationController.h */ = {isa = PBXFileReference; fileEncoding = 4; lastKnownFileType = sourcecode.c.h; path = DFTabBarNavigationController.h; sourceTree = "<group>"; };
		47BEA2F21B92F26A007857C6 /* DFTabBarNavigationController.m */ = {isa = PBXFileReference; fileEncoding = 4; lastKnownFileType = sourcecode.c.objc; path = DFTabBarNavigationController.m; sourceTree = "<group>"; };
		47BEA2F51B92F6A2007857C6 /* DFBankAccountViewController.h */ = {isa = PBXFileReference; fileEncoding = 4; lastKnownFileType = sourcecode.c.h; path = DFBankAccountViewController.h; sourceTree = "<group>"; };
		47BEA2F61B92F6A2007857C6 /* DFBankAccountViewController.m */ = {isa = PBXFileReference; fileEncoding = 4; lastKnownFileType = sourcecode.c.objc; path = DFBankAccountViewController.m; sourceTree = "<group>"; };
		47BEA3001B93170A007857C6 /* DFIncomesViewController.h */ = {isa = PBXFileReference; fileEncoding = 4; lastKnownFileType = sourcecode.c.h; path = DFIncomesViewController.h; sourceTree = "<group>"; };
		47BEA3011B93170A007857C6 /* DFIncomesViewController.m */ = {isa = PBXFileReference; fileEncoding = 4; lastKnownFileType = sourcecode.c.objc; path = DFIncomesViewController.m; sourceTree = "<group>"; };
		47BEA3031B9318CD007857C6 /* DFAddIncomeTableViewController.h */ = {isa = PBXFileReference; fileEncoding = 4; lastKnownFileType = sourcecode.c.h; path = DFAddIncomeTableViewController.h; sourceTree = "<group>"; };
		47BEA3041B9318CD007857C6 /* DFAddIncomeTableViewController.m */ = {isa = PBXFileReference; fileEncoding = 4; lastKnownFileType = sourcecode.c.objc; path = DFAddIncomeTableViewController.m; sourceTree = "<group>"; };
		47BEA3071B931A21007857C6 /* DFInputTextCell.h */ = {isa = PBXFileReference; fileEncoding = 4; lastKnownFileType = sourcecode.c.h; path = DFInputTextCell.h; sourceTree = "<group>"; };
		47BEA3081B931A21007857C6 /* DFInputTextCell.m */ = {isa = PBXFileReference; fileEncoding = 4; lastKnownFileType = sourcecode.c.objc; path = DFInputTextCell.m; sourceTree = "<group>"; };
		47BEA3091B931A21007857C6 /* DFInputTextCell.xib */ = {isa = PBXFileReference; fileEncoding = 4; lastKnownFileType = file.xib; path = DFInputTextCell.xib; sourceTree = "<group>"; };
		47BEA30C1B932B96007857C6 /* DFTitleSubtitleCell.h */ = {isa = PBXFileReference; fileEncoding = 4; lastKnownFileType = sourcecode.c.h; path = DFTitleSubtitleCell.h; sourceTree = "<group>"; };
		47BEA30D1B932B96007857C6 /* DFTitleSubtitleCell.m */ = {isa = PBXFileReference; fileEncoding = 4; lastKnownFileType = sourcecode.c.objc; path = DFTitleSubtitleCell.m; sourceTree = "<group>"; };
		47BEA30F1B932CD0007857C6 /* DFExpensesViewController.h */ = {isa = PBXFileReference; fileEncoding = 4; lastKnownFileType = sourcecode.c.h; path = DFExpensesViewController.h; sourceTree = "<group>"; };
		47BEA3101B932CD0007857C6 /* DFExpensesViewController.m */ = {isa = PBXFileReference; fileEncoding = 4; lastKnownFileType = sourcecode.c.objc; path = DFExpensesViewController.m; sourceTree = "<group>"; };
		47BEA3121B932E09007857C6 /* DFReportsViewController.h */ = {isa = PBXFileReference; fileEncoding = 4; lastKnownFileType = sourcecode.c.h; path = DFReportsViewController.h; sourceTree = "<group>"; };
		47BEA3131B932E09007857C6 /* DFReportsViewController.m */ = {isa = PBXFileReference; fileEncoding = 4; lastKnownFileType = sourcecode.c.objc; path = DFReportsViewController.m; sourceTree = "<group>"; };
		6068618B525A339BD94EB2C4 /* Pods.release.xcconfig */ = {isa = PBXFileReference; includeInIndex = 1; lastKnownFileType = text.xcconfig; name = Pods.release.xcconfig; path = "Pods/Target Support Files/Pods/Pods.release.xcconfig"; sourceTree = "<group>"; };
		E9E0C8D8A296C181F2EBB777 /* libPods.a */ = {isa = PBXFileReference; explicitFileType = archive.ar; includeInIndex = 0; path = libPods.a; sourceTree = BUILT_PRODUCTS_DIR; };
/* End PBXFileReference section */

/* Begin PBXFrameworksBuildPhase section */
		47BEA2C01B92F070007857C6 /* Frameworks */ = {
			isa = PBXFrameworksBuildPhase;
			buildActionMask = 2147483647;
			files = (
				8B494F047A421A8C5BB4B9EB /* libPods.a in Frameworks */,
			);
			runOnlyForDeploymentPostprocessing = 0;
		};
		47BEA2D91B92F070007857C6 /* Frameworks */ = {
			isa = PBXFrameworksBuildPhase;
			buildActionMask = 2147483647;
			files = (
				D1AE77129AD2B51965BC85BA /* libPods.a in Frameworks */,
			);
			runOnlyForDeploymentPostprocessing = 0;
		};
/* End PBXFrameworksBuildPhase section */

/* Begin PBXGroup section */
		2D20EE4364F3064D38BCB1F3 /* Pods */ = {
			isa = PBXGroup;
			children = (
				3E0B1E11709F3CF89D437897 /* Pods.debug.xcconfig */,
				6068618B525A339BD94EB2C4 /* Pods.release.xcconfig */,
			);
			name = Pods;
			sourceTree = "<group>";
		};
		474FDD121B933C180068419C /* Data Manager */ = {
			isa = PBXGroup;
			children = (
				474FDD131B933C290068419C /* DFDataManager.h */,
				474FDD141B933C290068419C /* DFDataManager.m */,
			);
			path = "Data Manager";
			sourceTree = "<group>";
		};
		474FDD171B933C8A0068419C /* Common */ = {
			isa = PBXGroup;
			children = (
				474FDD191B933D470068419C /* DFMacroUtils.h */,
			);
			path = Common;
			sourceTree = "<group>";
		};
		4785FF871B962AA100D15D2E /* Categories */ = {
			isa = PBXGroup;
			children = (
				4785FF881B962AB700D15D2E /* NSString+Validation.h */,
				4785FF891B962AB700D15D2E /* NSString+Validation.m */,
			);
			path = Categories;
			sourceTree = "<group>";
		};
		47A737781B93392E0060CE04 /* CoreDataModel */ = {
			isa = PBXGroup;
			children = (
				4785FF8B1B963F3900D15D2E /* _DFCDExpense.h */,
				4785FF8C1B963F3900D15D2E /* _DFCDExpense.m */,
				4785FF8D1B963F3900D15D2E /* _DFCDIncome.h */,
				4785FF8E1B963F3900D15D2E /* _DFCDIncome.m */,
				4785FF8F1B963F3900D15D2E /* DFCDExpense.h */,
				4785FF901B963F3900D15D2E /* DFCDExpense.m */,
				4785FF911B963F3900D15D2E /* DFCDIncome.h */,
				4785FF921B963F3900D15D2E /* DFCDIncome.m */,
				474FDD0F1B933BC60068419C /* _DFCDBankAccount.h */,
				474FDD101B933BC60068419C /* _DFCDBankAccount.m */,
				474FDD0C1B933BBE0068419C /* DFCDBankAccount.h */,
				474FDD0D1B933BBE0068419C /* DFCDBankAccount.m */,
				47A737791B93392E0060CE04 /* DFCoreDataModel.xcdatamodeld */,
			);
			path = CoreDataModel;
			sourceTree = "<group>";
		};
		47BEA2BA1B92F070007857C6 = {
			isa = PBXGroup;
			children = (
				47BEA2C51B92F070007857C6 /* my_finances */,
				47BEA2DF1B92F070007857C6 /* my_financesTests */,
				47BEA2C41B92F070007857C6 /* Products */,
				2D20EE4364F3064D38BCB1F3 /* Pods */,
				A7D7619A31D09F28E66CE90D /* Frameworks */,
			);
			sourceTree = "<group>";
		};
		47BEA2C41B92F070007857C6 /* Products */ = {
			isa = PBXGroup;
			children = (
				47BEA2C31B92F070007857C6 /* my_finances.app */,
				47BEA2DC1B92F070007857C6 /* my_financesTests.xctest */,
			);
			name = Products;
			sourceTree = "<group>";
		};
		47BEA2C51B92F070007857C6 /* my_finances */ = {
			isa = PBXGroup;
			children = (
				4785FF871B962AA100D15D2E /* Categories */,
				474FDD171B933C8A0068419C /* Common */,
				474FDD121B933C180068419C /* Data Manager */,
				47A737781B93392E0060CE04 /* CoreDataModel */,
				47BEA3061B9319B8007857C6 /* Views */,
				47BEA2F01B92F22F007857C6 /* View Controllers */,
				47BEA2EC1B92F097007857C6 /* Model */,
				47BEA2CA1B92F070007857C6 /* AppDelegate.h */,
				47BEA2CB1B92F070007857C6 /* AppDelegate.m */,
				47BEA2CD1B92F070007857C6 /* ViewController.h */,
				47BEA2CE1B92F070007857C6 /* ViewController.m */,
				47BEA2D31B92F070007857C6 /* Images.xcassets */,
				47BEA2D51B92F070007857C6 /* LaunchScreen.xib */,
				47BEA2C61B92F070007857C6 /* Supporting Files */,
			);
			path = my_finances;
			sourceTree = "<group>";
		};
		47BEA2C61B92F070007857C6 /* Supporting Files */ = {
			isa = PBXGroup;
			children = (
				47BEA2C71B92F070007857C6 /* Info.plist */,
				47BEA2C81B92F070007857C6 /* main.m */,
			);
			name = "Supporting Files";
			sourceTree = "<group>";
		};
		47BEA2DF1B92F070007857C6 /* my_financesTests */ = {
			isa = PBXGroup;
			children = (
				47BEA2E21B92F070007857C6 /* my_financesTests.m */,
				47BEA2E01B92F070007857C6 /* Supporting Files */,
			);
			path = my_financesTests;
			sourceTree = "<group>";
		};
		47BEA2E01B92F070007857C6 /* Supporting Files */ = {
			isa = PBXGroup;
			children = (
				47BEA2E11B92F070007857C6 /* Info.plist */,
			);
			name = "Supporting Files";
			sourceTree = "<group>";
		};
		47BEA2EC1B92F097007857C6 /* Model */ = {
			isa = PBXGroup;
			children = (
				47BEA2ED1B92F0BD007857C6 /* DFBankAccount.h */,
				47BEA2EE1B92F0BD007857C6 /* DFBankAccount.m */,
				4785FF971B963F9D00D15D2E /* DFIncome.h */,
				4785FF981B963F9D00D15D2E /* DFIncome.m */,
				4785FF9A1B963FB300D15D2E /* DFExpense.h */,
				4785FF9B1B963FB300D15D2E /* DFExpense.m */,
			);
			path = Model;
			sourceTree = "<group>";
		};
		47BEA2F01B92F22F007857C6 /* View Controllers */ = {
			isa = PBXGroup;
			children = (
				47BEA2FA1B9316AF007857C6 /* Expences */,
				47BEA2FB1B9316AF007857C6 /* Incomes */,
				47BEA2FC1B9316AF007857C6 /* Reports */,
				47BEA2F41B92F612007857C6 /* Bank Account */,
				47BEA2F11B92F26A007857C6 /* DFTabBarNavigationController.h */,
				47BEA2F21B92F26A007857C6 /* DFTabBarNavigationController.m */,
			);
			path = "View Controllers";
			sourceTree = "<group>";
		};
		47BEA2F41B92F612007857C6 /* Bank Account */ = {
			isa = PBXGroup;
			children = (
				47BEA2F51B92F6A2007857C6 /* DFBankAccountViewController.h */,
				47BEA2F61B92F6A2007857C6 /* DFBankAccountViewController.m */,
			);
			path = "Bank Account";
			sourceTree = "<group>";
		};
		47BEA2FA1B9316AF007857C6 /* Expences */ = {
			isa = PBXGroup;
			children = (
				47BEA30F1B932CD0007857C6 /* DFExpensesViewController.h */,
				47BEA3101B932CD0007857C6 /* DFExpensesViewController.m */,
				4785FF7F1B938EAF00D15D2E /* DFAddExpenceViewController.h */,
				4785FF801B938EAF00D15D2E /* DFAddExpenceViewController.m */,
			);
			path = Expences;
			sourceTree = "<group>";
		};
		47BEA2FB1B9316AF007857C6 /* Incomes */ = {
			isa = PBXGroup;
			children = (
				47BEA3001B93170A007857C6 /* DFIncomesViewController.h */,
				47BEA3011B93170A007857C6 /* DFIncomesViewController.m */,
				47BEA3031B9318CD007857C6 /* DFAddIncomeTableViewController.h */,
				47BEA3041B9318CD007857C6 /* DFAddIncomeTableViewController.m */,
			);
			path = Incomes;
			sourceTree = "<group>";
		};
		47BEA2FC1B9316AF007857C6 /* Reports */ = {
			isa = PBXGroup;
			children = (
				47BEA3121B932E09007857C6 /* DFReportsViewController.h */,
				47BEA3131B932E09007857C6 /* DFReportsViewController.m */,
				4785FF9D1B97A07200D15D2E /* DFReportViewController.h */,
				4785FF9E1B97A07200D15D2E /* DFReportViewController.m */,
			);
			path = Reports;
			sourceTree = "<group>";
		};
		47BEA3061B9319B8007857C6 /* Views */ = {
			isa = PBXGroup;
			children = (
				47BEA3071B931A21007857C6 /* DFInputTextCell.h */,
				47BEA3081B931A21007857C6 /* DFInputTextCell.m */,
				47BEA3091B931A21007857C6 /* DFInputTextCell.xib */,
				47BEA30C1B932B96007857C6 /* DFTitleSubtitleCell.h */,
				47BEA30D1B932B96007857C6 /* DFTitleSubtitleCell.m */,
				4785FF821B94F30F00D15D2E /* DFSegmentedControlCell.h */,
				4785FF831B94F30F00D15D2E /* DFSegmentedControlCell.m */,
				4785FF841B94F30F00D15D2E /* DFSegmentedControlCell.xib */,
				4785FFA21B97A1EA00D15D2E /* DFReportValueCell.h */,
				4785FFA31B97A1EA00D15D2E /* DFReportValueCell.m */,
				4785FFA41B97A1EA00D15D2E /* DFReportValueCell.xib */,
				4785FFA71B97A61500D15D2E /* DFReportCollectionHeader.h */,
				4785FFA81B97A61500D15D2E /* DFReportCollectionHeader.m */,
				4785FFA91B97A61500D15D2E /* DFReportCollectionHeader.xib */,
			);
			path = Views;
			sourceTree = "<group>";
		};
		A7D7619A31D09F28E66CE90D /* Frameworks */ = {
			isa = PBXGroup;
			children = (
				E9E0C8D8A296C181F2EBB777 /* libPods.a */,
			);
			name = Frameworks;
			sourceTree = "<group>";
		};
/* End PBXGroup section */

/* Begin PBXNativeTarget section */
		47BEA2C21B92F070007857C6 /* my_finances */ = {
			isa = PBXNativeTarget;
			buildConfigurationList = 47BEA2E61B92F070007857C6 /* Build configuration list for PBXNativeTarget "my_finances" */;
			buildPhases = (
				1B426E4A457D3647A54AC2CB /* Check Pods Manifest.lock */,
				47BEA2BF1B92F070007857C6 /* Sources */,
				47BEA2C01B92F070007857C6 /* Frameworks */,
				47BEA2C11B92F070007857C6 /* Resources */,
				DBB8AD864A09442C5FCBF693 /* Copy Pods Resources */,
			);
			buildRules = (
			);
			dependencies = (
			);
			name = my_finances;
			productName = my_finances;
			productReference = 47BEA2C31B92F070007857C6 /* my_finances.app */;
			productType = "com.apple.product-type.application";
		};
		47BEA2DB1B92F070007857C6 /* my_financesTests */ = {
			isa = PBXNativeTarget;
			buildConfigurationList = 47BEA2E91B92F070007857C6 /* Build configuration list for PBXNativeTarget "my_financesTests" */;
			buildPhases = (
				ADE3F42CEC0865834C73421A /* Check Pods Manifest.lock */,
				47BEA2D81B92F070007857C6 /* Sources */,
				47BEA2D91B92F070007857C6 /* Frameworks */,
				47BEA2DA1B92F070007857C6 /* Resources */,
				5D86C9FC4EC93103247C2DB9 /* Copy Pods Resources */,
			);
			buildRules = (
			);
			dependencies = (
				47BEA2DE1B92F070007857C6 /* PBXTargetDependency */,
			);
			name = my_financesTests;
			productName = my_financesTests;
			productReference = 47BEA2DC1B92F070007857C6 /* my_financesTests.xctest */;
			productType = "com.apple.product-type.bundle.unit-test";
		};
/* End PBXNativeTarget section */

/* Begin PBXProject section */
		47BEA2BB1B92F070007857C6 /* Project object */ = {
			isa = PBXProject;
			attributes = {
				LastUpgradeCheck = 0640;
				ORGANIZATIONNAME = "Dahiri Farid";
				TargetAttributes = {
					47A737701B9338240060CE04 = {
						CreatedOnToolsVersion = 6.4;
					};
					47BEA2C21B92F070007857C6 = {
						CreatedOnToolsVersion = 6.4;
					};
					47BEA2DB1B92F070007857C6 = {
						CreatedOnToolsVersion = 6.4;
						TestTargetID = 47BEA2C21B92F070007857C6;
					};
				};
			};
			buildConfigurationList = 47BEA2BE1B92F070007857C6 /* Build configuration list for PBXProject "my_finances" */;
			compatibilityVersion = "Xcode 3.2";
			developmentRegion = English;
			hasScannedForEncodings = 0;
			knownRegions = (
				en,
				Base,
			);
			mainGroup = 47BEA2BA1B92F070007857C6;
			productRefGroup = 47BEA2C41B92F070007857C6 /* Products */;
			projectDirPath = "";
			projectRoot = "";
			targets = (
				47BEA2C21B92F070007857C6 /* my_finances */,
				47BEA2DB1B92F070007857C6 /* my_financesTests */,
				47A737701B9338240060CE04 /* Mogenerator */,
			);
		};
/* End PBXProject section */

/* Begin PBXResourcesBuildPhase section */
		47BEA2C11B92F070007857C6 /* Resources */ = {
			isa = PBXResourcesBuildPhase;
			buildActionMask = 2147483647;
			files = (
				4785FFAB1B97A61500D15D2E /* DFReportCollectionHeader.xib in Resources */,
				47BEA2D71B92F070007857C6 /* LaunchScreen.xib in Resources */,
				47BEA2D41B92F070007857C6 /* Images.xcassets in Resources */,
				4785FFA61B97A1EA00D15D2E /* DFReportValueCell.xib in Resources */,
				4785FF861B94F30F00D15D2E /* DFSegmentedControlCell.xib in Resources */,
				47BEA30B1B931A21007857C6 /* DFInputTextCell.xib in Resources */,
			);
			runOnlyForDeploymentPostprocessing = 0;
		};
		47BEA2DA1B92F070007857C6 /* Resources */ = {
			isa = PBXResourcesBuildPhase;
			buildActionMask = 2147483647;
			files = (
			);
			runOnlyForDeploymentPostprocessing = 0;
		};
/* End PBXResourcesBuildPhase section */

/* Begin PBXShellScriptBuildPhase section */
		1B426E4A457D3647A54AC2CB /* Check Pods Manifest.lock */ = {
			isa = PBXShellScriptBuildPhase;
			buildActionMask = 2147483647;
			files = (
			);
			inputPaths = (
			);
			name = "Check Pods Manifest.lock";
			outputPaths = (
			);
			runOnlyForDeploymentPostprocessing = 0;
			shellPath = /bin/sh;
			shellScript = "diff \"${PODS_ROOT}/../Podfile.lock\" \"${PODS_ROOT}/Manifest.lock\" > /dev/null\nif [[ $? != 0 ]] ; then\n    cat << EOM\nerror: The sandbox is not in sync with the Podfile.lock. Run 'pod install' or update your CocoaPods installation.\nEOM\n    exit 1\nfi\n";
			showEnvVarsInLog = 0;
		};
		47A737741B9338420060CE04 /* ShellScript */ = {
			isa = PBXShellScriptBuildPhase;
			buildActionMask = 2147483647;
			files = (
			);
			inputPaths = (
			);
			outputPaths = (
			);
			runOnlyForDeploymentPostprocessing = 0;
			shellPath = /bin/sh;
			shellScript = "/usr/local/bin/mogenerator -m my_finances/CoreDataModel/DFCoreDataModel.xcdatamodeld/DFCoreDataModel.xcdatamodel -O my_finances/CoreDataModel --template-var arc=true";
		};
		5D86C9FC4EC93103247C2DB9 /* Copy Pods Resources */ = {
			isa = PBXShellScriptBuildPhase;
			buildActionMask = 2147483647;
			files = (
			);
			inputPaths = (
			);
			name = "Copy Pods Resources";
			outputPaths = (
			);
			runOnlyForDeploymentPostprocessing = 0;
			shellPath = /bin/sh;
			shellScript = "\"${SRCROOT}/Pods/Target Support Files/Pods/Pods-resources.sh\"\n";
			showEnvVarsInLog = 0;
		};
		ADE3F42CEC0865834C73421A /* Check Pods Manifest.lock */ = {
			isa = PBXShellScriptBuildPhase;
			buildActionMask = 2147483647;
			files = (
			);
			inputPaths = (
			);
			name = "Check Pods Manifest.lock";
			outputPaths = (
			);
			runOnlyForDeploymentPostprocessing = 0;
			shellPath = /bin/sh;
			shellScript = "diff \"${PODS_ROOT}/../Podfile.lock\" \"${PODS_ROOT}/Manifest.lock\" > /dev/null\nif [[ $? != 0 ]] ; then\n    cat << EOM\nerror: The sandbox is not in sync with the Podfile.lock. Run 'pod install' or update your CocoaPods installation.\nEOM\n    exit 1\nfi\n";
			showEnvVarsInLog = 0;
		};
		DBB8AD864A09442C5FCBF693 /* Copy Pods Resources */ = {
			isa = PBXShellScriptBuildPhase;
			buildActionMask = 2147483647;
			files = (
			);
			inputPaths = (
			);
			name = "Copy Pods Resources";
			outputPaths = (
			);
			runOnlyForDeploymentPostprocessing = 0;
			shellPath = /bin/sh;
			shellScript = "\"${SRCROOT}/Pods/Target Support Files/Pods/Pods-resources.sh\"\n";
			showEnvVarsInLog = 0;
		};
/* End PBXShellScriptBuildPhase section */

/* Begin PBXSourcesBuildPhase section */
		47BEA2BF1B92F070007857C6 /* Sources */ = {
			isa = PBXSourcesBuildPhase;
			buildActionMask = 2147483647;
			files = (
				47BEA3051B9318CD007857C6 /* DFAddIncomeTableViewController.m in Sources */,
				4785FF931B963F3900D15D2E /* _DFCDExpense.m in Sources */,
				47BEA2F81B92F6A2007857C6 /* DFBankAccountViewController.m in Sources */,
				4785FF961B963F3900D15D2E /* DFCDIncome.m in Sources */,
				4785FF9C1B963FB300D15D2E /* DFExpense.m in Sources */,
				47BEA2CF1B92F070007857C6 /* ViewController.m in Sources */,
				474FDD111B933BC60068419C /* _DFCDBankAccount.m in Sources */,
				47BEA2EF1B92F0BD007857C6 /* DFBankAccount.m in Sources */,
				474FDD0E1B933BBE0068419C /* DFCDBankAccount.m in Sources */,
				4785FF811B938EAF00D15D2E /* DFAddExpenceViewController.m in Sources */,
				4785FF8A1B962AB700D15D2E /* NSString+Validation.m in Sources */,
				4785FF991B963F9D00D15D2E /* DFIncome.m in Sources */,
				47BEA3111B932CD0007857C6 /* DFExpensesViewController.m in Sources */,
				4785FFA51B97A1EA00D15D2E /* DFReportValueCell.m in Sources */,
				47BEA30E1B932B96007857C6 /* DFTitleSubtitleCell.m in Sources */,
				47BEA2F31B92F26A007857C6 /* DFTabBarNavigationController.m in Sources */,
				474FDD151B933C290068419C /* DFDataManager.m in Sources */,
				47BEA30A1B931A21007857C6 /* DFInputTextCell.m in Sources */,
				47BEA3141B932E09007857C6 /* DFReportsViewController.m in Sources */,
				47A7377B1B93392E0060CE04 /* DFCoreDataModel.xcdatamodeld in Sources */,
				4785FFAA1B97A61500D15D2E /* DFReportCollectionHeader.m in Sources */,
				4785FF941B963F3900D15D2E /* _DFCDIncome.m in Sources */,
				4785FF951B963F3900D15D2E /* DFCDExpense.m in Sources */,
				4785FF851B94F30F00D15D2E /* DFSegmentedControlCell.m in Sources */,
				47BEA3021B93170A007857C6 /* DFIncomesViewController.m in Sources */,
				47BEA2CC1B92F070007857C6 /* AppDelegate.m in Sources */,
				4785FFA01B97A07200D15D2E /* DFReportViewController.m in Sources */,
				47BEA2C91B92F070007857C6 /* main.m in Sources */,
			);
			runOnlyForDeploymentPostprocessing = 0;
		};
		47BEA2D81B92F070007857C6 /* Sources */ = {
			isa = PBXSourcesBuildPhase;
			buildActionMask = 2147483647;
			files = (
				47BEA2E31B92F070007857C6 /* my_financesTests.m in Sources */,
			);
			runOnlyForDeploymentPostprocessing = 0;
		};
/* End PBXSourcesBuildPhase section */

/* Begin PBXTargetDependency section */
		47BEA2DE1B92F070007857C6 /* PBXTargetDependency */ = {
			isa = PBXTargetDependency;
			target = 47BEA2C21B92F070007857C6 /* my_finances */;
			targetProxy = 47BEA2DD1B92F070007857C6 /* PBXContainerItemProxy */;
		};
/* End PBXTargetDependency section */

/* Begin PBXVariantGroup section */
		47BEA2D51B92F070007857C6 /* LaunchScreen.xib */ = {
			isa = PBXVariantGroup;
			children = (
				47BEA2D61B92F070007857C6 /* Base */,
			);
			name = LaunchScreen.xib;
			sourceTree = "<group>";
		};
/* End PBXVariantGroup section */

/* Begin XCBuildConfiguration section */
		47A737711B9338250060CE04 /* Debug */ = {
			isa = XCBuildConfiguration;
			buildSettings = {
				PRODUCT_NAME = "$(TARGET_NAME)";
			};
			name = Debug;
		};
		47A737721B9338250060CE04 /* Release */ = {
			isa = XCBuildConfiguration;
			buildSettings = {
				PRODUCT_NAME = "$(TARGET_NAME)";
			};
			name = Release;
		};
		47BEA2E41B92F070007857C6 /* Debug */ = {
			isa = XCBuildConfiguration;
			buildSettings = {
				ALWAYS_SEARCH_USER_PATHS = NO;
				CLANG_CXX_LANGUAGE_STANDARD = "gnu++0x";
				CLANG_CXX_LIBRARY = "libc++";
				CLANG_ENABLE_MODULES = YES;
				CLANG_ENABLE_OBJC_ARC = YES;
				CLANG_WARN_BOOL_CONVERSION = YES;
				CLANG_WARN_CONSTANT_CONVERSION = YES;
				CLANG_WARN_DIRECT_OBJC_ISA_USAGE = YES_ERROR;
				CLANG_WARN_EMPTY_BODY = YES;
				CLANG_WARN_ENUM_CONVERSION = YES;
				CLANG_WARN_INT_CONVERSION = YES;
				CLANG_WARN_OBJC_ROOT_CLASS = YES_ERROR;
				CLANG_WARN_UNREACHABLE_CODE = YES;
				CLANG_WARN__DUPLICATE_METHOD_MATCH = YES;
				"CODE_SIGN_IDENTITY[sdk=iphoneos*]" = "iPhone Developer";
				COPY_PHASE_STRIP = NO;
				DEBUG_INFORMATION_FORMAT = "dwarf-with-dsym";
				ENABLE_STRICT_OBJC_MSGSEND = YES;
				GCC_C_LANGUAGE_STANDARD = gnu99;
				GCC_DYNAMIC_NO_PIC = NO;
				GCC_NO_COMMON_BLOCKS = YES;
				GCC_OPTIMIZATION_LEVEL = 0;
				GCC_PREPROCESSOR_DEFINITIONS = (
					"DEBUG=1",
					"$(inherited)",
				);
				GCC_SYMBOLS_PRIVATE_EXTERN = NO;
				GCC_WARN_64_TO_32_BIT_CONVERSION = YES;
				GCC_WARN_ABOUT_RETURN_TYPE = YES_ERROR;
				GCC_WARN_UNDECLARED_SELECTOR = YES;
				GCC_WARN_UNINITIALIZED_AUTOS = YES_AGGRESSIVE;
				GCC_WARN_UNUSED_FUNCTION = YES;
				GCC_WARN_UNUSED_VARIABLE = YES;
				IPHONEOS_DEPLOYMENT_TARGET = 8.4;
				MTL_ENABLE_DEBUG_INFO = YES;
				ONLY_ACTIVE_ARCH = YES;
				SDKROOT = iphoneos;
				TARGETED_DEVICE_FAMILY = "1,2";
			};
			name = Debug;
		};
		47BEA2E51B92F070007857C6 /* Release */ = {
			isa = XCBuildConfiguration;
			buildSettings = {
				ALWAYS_SEARCH_USER_PATHS = NO;
				CLANG_CXX_LANGUAGE_STANDARD = "gnu++0x";
				CLANG_CXX_LIBRARY = "libc++";
				CLANG_ENABLE_MODULES = YES;
				CLANG_ENABLE_OBJC_ARC = YES;
				CLANG_WARN_BOOL_CONVERSION = YES;
				CLANG_WARN_CONSTANT_CONVERSION = YES;
				CLANG_WARN_DIRECT_OBJC_ISA_USAGE = YES_ERROR;
				CLANG_WARN_EMPTY_BODY = YES;
				CLANG_WARN_ENUM_CONVERSION = YES;
				CLANG_WARN_INT_CONVERSION = YES;
				CLANG_WARN_OBJC_ROOT_CLASS = YES_ERROR;
				CLANG_WARN_UNREACHABLE_CODE = YES;
				CLANG_WARN__DUPLICATE_METHOD_MATCH = YES;
				"CODE_SIGN_IDENTITY[sdk=iphoneos*]" = "iPhone Developer";
				COPY_PHASE_STRIP = NO;
				DEBUG_INFORMATION_FORMAT = "dwarf-with-dsym";
				ENABLE_NS_ASSERTIONS = NO;
				ENABLE_STRICT_OBJC_MSGSEND = YES;
				GCC_C_LANGUAGE_STANDARD = gnu99;
				GCC_NO_COMMON_BLOCKS = YES;
				GCC_WARN_64_TO_32_BIT_CONVERSION = YES;
				GCC_WARN_ABOUT_RETURN_TYPE = YES_ERROR;
				GCC_WARN_UNDECLARED_SELECTOR = YES;
				GCC_WARN_UNINITIALIZED_AUTOS = YES_AGGRESSIVE;
				GCC_WARN_UNUSED_FUNCTION = YES;
				GCC_WARN_UNUSED_VARIABLE = YES;
				IPHONEOS_DEPLOYMENT_TARGET = 8.4;
				MTL_ENABLE_DEBUG_INFO = NO;
				SDKROOT = iphoneos;
				TARGETED_DEVICE_FAMILY = "1,2";
				VALIDATE_PRODUCT = YES;
			};
			name = Release;
		};
		47BEA2E71B92F070007857C6 /* Debug */ = {
			isa = XCBuildConfiguration;
			baseConfigurationReference = 3E0B1E11709F3CF89D437897 /* Pods.debug.xcconfig */;
			buildSettings = {
				ASSETCATALOG_COMPILER_APPICON_NAME = AppIcon;
				INFOPLIST_FILE = my_finances/Info.plist;
				IPHONEOS_DEPLOYMENT_TARGET = 7.0;
				LD_RUNPATH_SEARCH_PATHS = "$(inherited) @executable_path/Frameworks";
				PRODUCT_NAME = "$(TARGET_NAME)";
			};
			name = Debug;
		};
		47BEA2E81B92F070007857C6 /* Release */ = {
			isa = XCBuildConfiguration;
			baseConfigurationReference = 6068618B525A339BD94EB2C4 /* Pods.release.xcconfig */;
			buildSettings = {
				ASSETCATALOG_COMPILER_APPICON_NAME = AppIcon;
				INFOPLIST_FILE = my_finances/Info.plist;
				IPHONEOS_DEPLOYMENT_TARGET = 7.0;
				LD_RUNPATH_SEARCH_PATHS = "$(inherited) @executable_path/Frameworks";
				PRODUCT_NAME = "$(TARGET_NAME)";
			};
			name = Release;
		};
		47BEA2EA1B92F070007857C6 /* Debug */ = {
			isa = XCBuildConfiguration;
			baseConfigurationReference = 3E0B1E11709F3CF89D437897 /* Pods.debug.xcconfig */;
			buildSettings = {
				BUNDLE_LOADER = "$(TEST_HOST)";
				FRAMEWORK_SEARCH_PATHS = (
					"$(SDKROOT)/Developer/Library/Frameworks",
					"$(inherited)",
				);
				GCC_PREPROCESSOR_DEFINITIONS = (
					"DEBUG=1",
					"$(inherited)",
				);
				INFOPLIST_FILE = my_financesTests/Info.plist;
				LD_RUNPATH_SEARCH_PATHS = "$(inherited) @executable_path/Frameworks @loader_path/Frameworks";
				PRODUCT_NAME = "$(TARGET_NAME)";
				TEST_HOST = "$(BUILT_PRODUCTS_DIR)/my_finances.app/my_finances";
			};
			name = Debug;
		};
		47BEA2EB1B92F070007857C6 /* Release */ = {
			isa = XCBuildConfiguration;
			baseConfigurationReference = 6068618B525A339BD94EB2C4 /* Pods.release.xcconfig */;
			buildSettings = {
				BUNDLE_LOADER = "$(TEST_HOST)";
				FRAMEWORK_SEARCH_PATHS = (
					"$(SDKROOT)/Developer/Library/Frameworks",
					"$(inherited)",
				);
				INFOPLIST_FILE = my_financesTests/Info.plist;
				LD_RUNPATH_SEARCH_PATHS = "$(inherited) @executable_path/Frameworks @loader_path/Frameworks";
				PRODUCT_NAME = "$(TARGET_NAME)";
				TEST_HOST = "$(BUILT_PRODUCTS_DIR)/my_finances.app/my_finances";
			};
			name = Release;
		};
/* End XCBuildConfiguration section */

/* Begin XCConfigurationList section */
		47A737731B9338250060CE04 /* Build configuration list for PBXAggregateTarget "Mogenerator" */ = {
			isa = XCConfigurationList;
			buildConfigurations = (
				47A737711B9338250060CE04 /* Debug */,
				47A737721B9338250060CE04 /* Release */,
			);
			defaultConfigurationIsVisible = 0;
			defaultConfigurationName = Release;
		};
		47BEA2BE1B92F070007857C6 /* Build configuration list for PBXProject "my_finances" */ = {
			isa = XCConfigurationList;
			buildConfigurations = (
				47BEA2E41B92F070007857C6 /* Debug */,
				47BEA2E51B92F070007857C6 /* Release */,
			);
			defaultConfigurationIsVisible = 0;
			defaultConfigurationName = Release;
		};
		47BEA2E61B92F070007857C6 /* Build configuration list for PBXNativeTarget "my_finances" */ = {
			isa = XCConfigurationList;
			buildConfigurations = (
				47BEA2E71B92F070007857C6 /* Debug */,
				47BEA2E81B92F070007857C6 /* Release */,
			);
			defaultConfigurationIsVisible = 0;
			defaultConfigurationName = Release;
		};
		47BEA2E91B92F070007857C6 /* Build configuration list for PBXNativeTarget "my_financesTests" */ = {
			isa = XCConfigurationList;
			buildConfigurations = (
				47BEA2EA1B92F070007857C6 /* Debug */,
				47BEA2EB1B92F070007857C6 /* Release */,
			);
			defaultConfigurationIsVisible = 0;
			defaultConfigurationName = Release;
		};
/* End XCConfigurationList section */

/* Begin XCVersionGroup section */
		47A737791B93392E0060CE04 /* DFCoreDataModel.xcdatamodeld */ = {
			isa = XCVersionGroup;
			children = (
				47A7377A1B93392E0060CE04 /* DFCoreDataModel.xcdatamodel */,
			);
			currentVersion = 47A7377A1B93392E0060CE04 /* DFCoreDataModel.xcdatamodel */;
			path = DFCoreDataModel.xcdatamodeld;
			sourceTree = "<group>";
			versionGroupType = wrapper.xcdatamodel;
		};
/* End XCVersionGroup section */
	};
	rootObject = 47BEA2BB1B92F070007857C6 /* Project object */;
}
